
Microsoft Visual Studio Solution File, Format Version 12.00
# Visual Studio Version 16
VisualStudioVersion = 16.0.30320.27
MinimumVisualStudioVersion = 10.0.40219.1
Project("{9A19103F-16F7-4668-BE54-9A1E7A4F7556}") = "Metadata Demo", "Demos\Metadata Demo\Metadata Demo.csproj", "{2C552E60-06CF-4294-A831-2CAAD150E339}"
EndProject
Project("{9A19103F-16F7-4668-BE54-9A1E7A4F7556}") = "Content Demo", "Demos\Content Demo\Content Demo.csproj", "{78CCE344-FAC5-4B92-8BE7-815F007D137B}"
EndProject
Project("{2150E333-8FDC-42A3-9474-1A3956D46DE8}") = "Documentation", "Documentation", "{50E9AC8D-523B-4C1E-978D-354F56FBF1A6}"
	ProjectSection(SolutionItems) = preProject
		Documentation\favicon.ico = Documentation\favicon.ico
		Documentation\index.html = Documentation\index.html
		Documentation\logo.svg = Documentation\logo.svg
		Documentation\manifest.json = Documentation\manifest.json
		Documentation\search-stopwords.json = Documentation\search-stopwords.json
		Documentation\xrefmap.yml = Documentation\xrefmap.yml
	EndProjectSection
EndProject
Project("{2150E333-8FDC-42A3-9474-1A3956D46DE8}") = "api", "api", "{17DC2CF5-9BC4-4849-BFF4-E545F9AC170C}"
	ProjectSection(SolutionItems) = preProject
		Documentation\api\Estrelica.Archer.Utility.APIFacade.APISource.html = Documentation\api\Estrelica.Archer.Utility.APIFacade.APISource.html
		Documentation\api\Estrelica.Archer.Utility.APIFacade.html = Documentation\api\Estrelica.Archer.Utility.APIFacade.html
		Documentation\api\Estrelica.Archer.Utility.APIHelper.html = Documentation\api\Estrelica.Archer.Utility.APIHelper.html
		Documentation\api\Estrelica.Archer.Utility.APIHelper.Method.html = Documentation\api\Estrelica.Archer.Utility.APIHelper.Method.html
		Documentation\api\Estrelica.Archer.Utility.APIPreference.html = Documentation\api\Estrelica.Archer.Utility.APIPreference.html
		Documentation\api\Estrelica.Archer.Utility.ArcherConnection.html = Documentation\api\Estrelica.Archer.Utility.ArcherConnection.html
		Documentation\api\Estrelica.Archer.Utility.ArcherConnectionCollection.html = Documentation\api\Estrelica.Archer.Utility.ArcherConnectionCollection.html
		Documentation\api\Estrelica.Archer.Utility.ArcherContentDictionary.html = Documentation\api\Estrelica.Archer.Utility.ArcherContentDictionary.html
		Documentation\api\Estrelica.Archer.Utility.ArcherReport.html = Documentation\api\Estrelica.Archer.Utility.ArcherReport.html
		Documentation\api\Estrelica.Archer.Utility.BaseDataWrapper-1.html = Documentation\api\Estrelica.Archer.Utility.BaseDataWrapper-1.html
		Documentation\api\Estrelica.Archer.Utility.ConnectionConfigSection.html = Documentation\api\Estrelica.Archer.Utility.ConnectionConfigSection.html
		Documentation\api\Estrelica.Archer.Utility.ContentResolver.html = Documentation\api\Estrelica.Archer.Utility.ContentResolver.html
		Documentation\api\Estrelica.Archer.Utility.ContentResolver.RecordCountType.html = Documentation\api\Estrelica.Archer.Utility.ContentResolver.RecordCountType.html
		Documentation\api\Estrelica.Archer.Utility.ContentResolver.SortField.html = Documentation\api\Estrelica.Archer.Utility.ContentResolver.SortField.html
		Documentation\api\Estrelica.Archer.Utility.ContentResolver.SortType.html = Documentation\api\Estrelica.Archer.Utility.ContentResolver.SortType.html
		Documentation\api\Estrelica.Archer.Utility.DictionaryDataWrapper-1.html = Documentation\api\Estrelica.Archer.Utility.DictionaryDataWrapper-1.html
		Documentation\api\Estrelica.Archer.Utility.FilterCriteriaHelper.html = Documentation\api\Estrelica.Archer.Utility.FilterCriteriaHelper.html
		Documentation\api\Estrelica.Archer.Utility.html = Documentation\api\Estrelica.Archer.Utility.html
		Documentation\api\Estrelica.Archer.Utility.IValueAccessor.html = Documentation\api\Estrelica.Archer.Utility.IValueAccessor.html
		Documentation\api\Estrelica.Archer.Utility.LayoutResolver.html = Documentation\api\Estrelica.Archer.Utility.LayoutResolver.html
		Documentation\api\Estrelica.Archer.Utility.MetadataResolver.html = Documentation\api\Estrelica.Archer.Utility.MetadataResolver.html
		Documentation\api\Estrelica.Archer.Utility.ObjectDataWrapper-2.html = Documentation\api\Estrelica.Archer.Utility.ObjectDataWrapper-2.html
		Documentation\api\Estrelica.Archer.Utility.ObjectKeyAttribute.html = Documentation\api\Estrelica.Archer.Utility.ObjectKeyAttribute.html
		Documentation\api\Estrelica.Archer.Utility.ReportResolver.html = Documentation\api\Estrelica.Archer.Utility.ReportResolver.html
		Documentation\api\Estrelica.Archer.Utility.ReportResolver.ReportSource.html = Documentation\api\Estrelica.Archer.Utility.ReportResolver.ReportSource.html
		Documentation\api\Estrelica.Core.html = Documentation\api\Estrelica.Core.html
		Documentation\api\Estrelica.html = Documentation\api\Estrelica.html
		Documentation\api\Estrelica.Interfaces.Archer.AccountStatus.html = Documentation\api\Estrelica.Interfaces.Archer.AccountStatus.html
		Documentation\api\Estrelica.Interfaces.Archer.ASOStatus.html = Documentation\api\Estrelica.Interfaces.Archer.ASOStatus.html
		Documentation\api\Estrelica.Interfaces.Archer.Content.html = Documentation\api\Estrelica.Interfaces.Archer.Content.html
		Documentation\api\Estrelica.Interfaces.Archer.Content.IArcherRecordAccess.html = Documentation\api\Estrelica.Interfaces.Archer.Content.IArcherRecordAccess.html
		Documentation\api\Estrelica.Interfaces.Archer.Content.IExternalLink.html = Documentation\api\Estrelica.Interfaces.Archer.Content.IExternalLink.html
		Documentation\api\Estrelica.Interfaces.Archer.Content.IFileUpload.html = Documentation\api\Estrelica.Interfaces.Archer.Content.IFileUpload.html
		Documentation\api\Estrelica.Interfaces.Archer.Content.IUpdateInformation.html = Documentation\api\Estrelica.Interfaces.Archer.Content.IUpdateInformation.html
		Documentation\api\Estrelica.Interfaces.Archer.Content.IUserGroupList.html = Documentation\api\Estrelica.Interfaces.Archer.Content.IUserGroupList.html
		Documentation\api\Estrelica.Interfaces.Archer.Content.IValuesListSelection.html = Documentation\api\Estrelica.Interfaces.Archer.Content.IValuesListSelection.html
		Documentation\api\Estrelica.Interfaces.Archer.EntityType.html = Documentation\api\Estrelica.Interfaces.Archer.EntityType.html
		Documentation\api\Estrelica.Interfaces.Archer.EventActionLayoutType.html = Documentation\api\Estrelica.Interfaces.Archer.EventActionLayoutType.html
		Documentation\api\Estrelica.Interfaces.Archer.EventActionType.html = Documentation\api\Estrelica.Interfaces.Archer.EventActionType.html
		Documentation\api\Estrelica.Interfaces.Archer.EventDateActionType.html = Documentation\api\Estrelica.Interfaces.Archer.EventDateActionType.html
		Documentation\api\Estrelica.Interfaces.Archer.EventItemActionType.html = Documentation\api\Estrelica.Interfaces.Archer.EventItemActionType.html
		Documentation\api\Estrelica.Interfaces.Archer.EventSectionActionType.html = Documentation\api\Estrelica.Interfaces.Archer.EventSectionActionType.html
		Documentation\api\Estrelica.Interfaces.Archer.ExternalLinkProtocol.html = Documentation\api\Estrelica.Interfaces.Archer.ExternalLinkProtocol.html
		Documentation\api\Estrelica.Interfaces.Archer.FieldEncryptionState.html = Documentation\api\Estrelica.Interfaces.Archer.FieldEncryptionState.html
		Documentation\api\Estrelica.Interfaces.Archer.FieldType.html = Documentation\api\Estrelica.Interfaces.Archer.FieldType.html
		Documentation\api\Estrelica.Interfaces.Archer.FilterCriteriaOperatorType.html = Documentation\api\Estrelica.Interfaces.Archer.FilterCriteriaOperatorType.html
		Documentation\api\Estrelica.Interfaces.Archer.FilterCriteriaType.html = Documentation\api\Estrelica.Interfaces.Archer.FilterCriteriaType.html
		Documentation\api\Estrelica.Interfaces.Archer.html = Documentation\api\Estrelica.Interfaces.Archer.html
		Documentation\api\Estrelica.Interfaces.Archer.LayoutItemType.html = Documentation\api\Estrelica.Interfaces.Archer.LayoutItemType.html
		Documentation\api\Estrelica.Interfaces.Archer.LayoutMemberType.html = Documentation\api\Estrelica.Interfaces.Archer.LayoutMemberType.html
		Documentation\api\Estrelica.Interfaces.Archer.LayoutSectionType.html = Documentation\api\Estrelica.Interfaces.Archer.LayoutSectionType.html
		Documentation\api\Estrelica.Interfaces.Archer.LayoutTabType.html = Documentation\api\Estrelica.Interfaces.Archer.LayoutTabType.html
		Documentation\api\Estrelica.Interfaces.Archer.ModuleClass.html = Documentation\api\Estrelica.Interfaces.Archer.ModuleClass.html
		Documentation\api\Estrelica.Interfaces.Archer.ModuleStatus.html = Documentation\api\Estrelica.Interfaces.Archer.ModuleStatus.html
		Documentation\api\Estrelica.Interfaces.Archer.ModuleType.html = Documentation\api\Estrelica.Interfaces.Archer.ModuleType.html
		Documentation\api\Estrelica.Interfaces.Archer.ReportType.html = Documentation\api\Estrelica.Interfaces.Archer.ReportType.html
		Documentation\api\Estrelica.Interfaces.Archer.SourceAttribute.html = Documentation\api\Estrelica.Interfaces.Archer.SourceAttribute.html
		Documentation\api\Estrelica.Interfaces.Archer.UserType.html = Documentation\api\Estrelica.Interfaces.Archer.UserType.html
		Documentation\api\Estrelica.Interfaces.Archer.ValuesListType.html = Documentation\api\Estrelica.Interfaces.Archer.ValuesListType.html
		Documentation\api\Estrelica.Interfaces.DomainFormat.html = Documentation\api\Estrelica.Interfaces.DomainFormat.html
		Documentation\api\Estrelica.Interfaces.html = Documentation\api\Estrelica.Interfaces.html
		Documentation\api\Estrelica.Interfaces.IAPIFacade.html = Documentation\api\Estrelica.Interfaces.IAPIFacade.html
		Documentation\api\Estrelica.Interfaces.IArcherAuthProvider.html = Documentation\api\Estrelica.Interfaces.IArcherAuthProvider.html
		Documentation\api\Estrelica.Interfaces.IArcherMetadata.html = Documentation\api\Estrelica.Interfaces.IArcherMetadata.html
		Documentation\api\Estrelica.Interfaces.IDatabaseAuthProvider.html = Documentation\api\Estrelica.Interfaces.IDatabaseAuthProvider.html
		Documentation\api\Estrelica.Interfaces.IExtendedAPIAuthProvider.html = Documentation\api\Estrelica.Interfaces.IExtendedAPIAuthProvider.html
		Documentation\api\Estrelica.Interfaces.ILogCleanup.html = Documentation\api\Estrelica.Interfaces.ILogCleanup.html
		Documentation\api\Estrelica.Interfaces.ILogSubscriber.html = Documentation\api\Estrelica.Interfaces.ILogSubscriber.html
		Documentation\api\Estrelica.Interfaces.IRecordAccess-1.html = Documentation\api\Estrelica.Interfaces.IRecordAccess-1.html
		Documentation\api\Estrelica.Interfaces.IRecordAccess.html = Documentation\api\Estrelica.Interfaces.IRecordAccess.html
		Documentation\api\Estrelica.Interfaces.IResolverProvider.html = Documentation\api\Estrelica.Interfaces.IResolverProvider.html
		Documentation\api\Estrelica.Interfaces.ISessionProvider.html = Documentation\api\Estrelica.Interfaces.ISessionProvider.html
		Documentation\api\Estrelica.Interfaces.ITrafficCounter.html = Documentation\api\Estrelica.Interfaces.ITrafficCounter.html
		Documentation\api\Estrelica.Interfaces.LogLevel.html = Documentation\api\Estrelica.Interfaces.LogLevel.html
		Documentation\api\Estrelica.Logging.BaseLogger.html = Documentation\api\Estrelica.Logging.BaseLogger.html
		Documentation\api\Estrelica.Logging.ConsoleLogger.html = Documentation\api\Estrelica.Logging.ConsoleLogger.html
		Documentation\api\Estrelica.Logging.FileLogger.html = Documentation\api\Estrelica.Logging.FileLogger.html
		Documentation\api\Estrelica.Logging.html = Documentation\api\Estrelica.Logging.html
		Documentation\api\Estrelica.Logging.Logger.html = Documentation\api\Estrelica.Logging.Logger.html
		Documentation\api\Estrelica.Utility.ArcherAccess.html = Documentation\api\Estrelica.Utility.ArcherAccess.html
		Documentation\api\Estrelica.Utility.ArcherAccess.User.html = Documentation\api\Estrelica.Utility.ArcherAccess.User.html
		Documentation\api\Estrelica.Utility.Arguments.html = Documentation\api\Estrelica.Utility.Arguments.html
		Documentation\api\Estrelica.Utility.BaseRecordAccess.html = Documentation\api\Estrelica.Utility.BaseRecordAccess.html
		Documentation\api\Estrelica.Utility.DataReaderExtensions.html = Documentation\api\Estrelica.Utility.DataReaderExtensions.html
		Documentation\api\Estrelica.Utility.DateTimeExtensions.html = Documentation\api\Estrelica.Utility.DateTimeExtensions.html
		Documentation\api\Estrelica.Utility.Debouncer.html = Documentation\api\Estrelica.Utility.Debouncer.html
		Documentation\api\Estrelica.Utility.DebugLog.html = Documentation\api\Estrelica.Utility.DebugLog.html
		Documentation\api\Estrelica.Utility.DeferEnumerable-1.html = Documentation\api\Estrelica.Utility.DeferEnumerable-1.html
		Documentation\api\Estrelica.Utility.DeferValue-1.html = Documentation\api\Estrelica.Utility.DeferValue-1.html
		Documentation\api\Estrelica.Utility.DictionaryExtensions.html = Documentation\api\Estrelica.Utility.DictionaryExtensions.html
		Documentation\api\Estrelica.Utility.EnumHelper.html = Documentation\api\Estrelica.Utility.EnumHelper.html
		Documentation\api\Estrelica.Utility.GuidUtility.html = Documentation\api\Estrelica.Utility.GuidUtility.html
		Documentation\api\Estrelica.Utility.HandledException.html = Documentation\api\Estrelica.Utility.HandledException.html
		Documentation\api\Estrelica.Utility.HashSetExtensions.html = Documentation\api\Estrelica.Utility.HashSetExtensions.html
		Documentation\api\Estrelica.Utility.html = Documentation\api\Estrelica.Utility.html
		Documentation\api\Estrelica.Utility.HtmlHelperExtensions.html = Documentation\api\Estrelica.Utility.HtmlHelperExtensions.html
		Documentation\api\Estrelica.Utility.HttpRequestMessageExtensions.html = Documentation\api\Estrelica.Utility.HttpRequestMessageExtensions.html
		Documentation\api\Estrelica.Utility.IDeferrable.html = Documentation\api\Estrelica.Utility.IDeferrable.html
		Documentation\api\Estrelica.Utility.IgnoreDefaultValuesDictionary-2.html = Documentation\api\Estrelica.Utility.IgnoreDefaultValuesDictionary-2.html
		Documentation\api\Estrelica.Utility.JsonDictionary-1.html = Documentation\api\Estrelica.Utility.JsonDictionary-1.html
		Documentation\api\Estrelica.Utility.Resource.html = Documentation\api\Estrelica.Utility.Resource.html
		Documentation\api\Estrelica.Utility.SqlConnectionExtensions.html = Documentation\api\Estrelica.Utility.SqlConnectionExtensions.html
		Documentation\api\Estrelica.Utility.SqlUtilities.html = Documentation\api\Estrelica.Utility.SqlUtilities.html
		Documentation\api\Estrelica.Utility.StringExtensions.html = Documentation\api\Estrelica.Utility.StringExtensions.html
		Documentation\api\Estrelica.Utility.TableMapper.html = Documentation\api\Estrelica.Utility.TableMapper.html
		Documentation\api\Estrelica.Utility.TimeoutDictionary-2.html = Documentation\api\Estrelica.Utility.TimeoutDictionary-2.html
		Documentation\api\Estrelica.Utility.TypeExtensions.html = Documentation\api\Estrelica.Utility.TypeExtensions.html
		Documentation\api\Estrelica.Utility.XElementExtensions.html = Documentation\api\Estrelica.Utility.XElementExtensions.html
		Documentation\api\index.html = Documentation\api\index.html
	EndProjectSection
EndProject
Project("{2150E333-8FDC-42A3-9474-1A3956D46DE8}") = "articles", "articles", "{8CC962FD-744A-4232-87C1-8A6BE018588E}"
	ProjectSection(SolutionItems) = preProject
		Documentation\articles\intro.html = Documentation\articles\intro.html
	EndProjectSection
EndProject
Project("{2150E333-8FDC-42A3-9474-1A3956D46DE8}") = "fonts", "fonts", "{C65D9099-6FC0-461C-BA3C-B981A8518AB7}"
	ProjectSection(SolutionItems) = preProject
		Documentation\fonts\glyphicons-halflings-regular.eot = Documentation\fonts\glyphicons-halflings-regular.eot
		Documentation\fonts\glyphicons-halflings-regular.svg = Documentation\fonts\glyphicons-halflings-regular.svg
		Documentation\fonts\glyphicons-halflings-regular.ttf = Documentation\fonts\glyphicons-halflings-regular.ttf
		Documentation\fonts\glyphicons-halflings-regular.woff = Documentation\fonts\glyphicons-halflings-regular.woff
		Documentation\fonts\glyphicons-halflings-regular.woff2 = Documentation\fonts\glyphicons-halflings-regular.woff2
	EndProjectSection
EndProject
Project("{2150E333-8FDC-42A3-9474-1A3956D46DE8}") = "images", "images", "{EDD3F7D9-0490-4F74-B1C9-294FF3204C1D}"
	ProjectSection(SolutionItems) = preProject
		Documentation\images\favicon.ico = Documentation\images\favicon.ico
		Documentation\images\logo.png = Documentation\images\logo.png
	EndProjectSection
EndProject
Project("{2150E333-8FDC-42A3-9474-1A3956D46DE8}") = "styles", "styles", "{14F95A40-93CA-456B-8BC1-281190B6D128}"
	ProjectSection(SolutionItems) = preProject
		Documentation\styles\docfx.css = Documentation\styles\docfx.css
		Documentation\styles\docfx.js = Documentation\styles\docfx.js
		Documentation\styles\docfx.vendor.css = Documentation\styles\docfx.vendor.css
		Documentation\styles\docfx.vendor.js = Documentation\styles\docfx.vendor.js
		Documentation\styles\lunr.js = Documentation\styles\lunr.js
		Documentation\styles\lunr.min.js = Documentation\styles\lunr.min.js
		Documentation\styles\main.css = Documentation\styles\main.css
		Documentation\styles\main.js = Documentation\styles\main.js
		Documentation\styles\search-worker.js = Documentation\styles\search-worker.js
	EndProjectSection
EndProject
Project("{9A19103F-16F7-4668-BE54-9A1E7A4F7556}") = "Datafeed Explorer", "Demos\Datafeed Demo\Datafeed Explorer.csproj", "{8386E621-915B-45D2-A3F8-411BC1666418}"
EndProject
Project("{9A19103F-16F7-4668-BE54-9A1E7A4F7556}") = "Estrelica.Demo.Common", "Estrelica.Demo.Common\Estrelica.Demo.Common.csproj", "{B59A164F-9FF2-4CF0-AAB3-C0AA504EA944}"
EndProject
Project("{9A19103F-16F7-4668-BE54-9A1E7A4F7556}") = "UserAccessProcessor", "Demos\User Access Processor\UserAccessProcessor.csproj", "{B246281D-F44B-4B48-9DA1-5798E78E8973}"
EndProject
Project("{2150E333-8FDC-42A3-9474-1A3956D46DE8}") = "Demos", "Demos", "{38763013-0ECA-468F-8C87-5A18B3CA9D44}"
EndProject
Project("{9A19103F-16F7-4668-BE54-9A1E7A4F7556}") = "CHUM Tool", "Demos\CHUM Tool\CHUM Tool.csproj", "{257477CE-1B65-4350-9D7A-48CF850974B0}"
EndProject
Project("{2150E333-8FDC-42A3-9474-1A3956D46DE8}") = "Solution Items", "Solution Items", "{E277F0A5-59B4-4967-8099-6F005F9AA749}"
	ProjectSection(SolutionItems) = preProject
		README.md = README.md
	EndProjectSection
EndProject
Global
	GlobalSection(SolutionConfigurationPlatforms) = preSolution
		Debug|Any CPU = Debug|Any CPU
		Release|Any CPU = Release|Any CPU
	EndGlobalSection
	GlobalSection(ProjectConfigurationPlatforms) = postSolution
		{2C552E60-06CF-4294-A831-2CAAD150E339}.Debug|Any CPU.ActiveCfg = Debug|Any CPU
		{2C552E60-06CF-4294-A831-2CAAD150E339}.Debug|Any CPU.Build.0 = Debug|Any CPU
		{2C552E60-06CF-4294-A831-2CAAD150E339}.Release|Any CPU.ActiveCfg = Release|Any CPU
		{2C552E60-06CF-4294-A831-2CAAD150E339}.Release|Any CPU.Build.0 = Release|Any CPU
		{78CCE344-FAC5-4B92-8BE7-815F007D137B}.Debug|Any CPU.ActiveCfg = Debug|Any CPU
		{78CCE344-FAC5-4B92-8BE7-815F007D137B}.Debug|Any CPU.Build.0 = Debug|Any CPU
		{78CCE344-FAC5-4B92-8BE7-815F007D137B}.Release|Any CPU.ActiveCfg = Release|Any CPU
		{78CCE344-FAC5-4B92-8BE7-815F007D137B}.Release|Any CPU.Build.0 = Release|Any CPU
		{8386E621-915B-45D2-A3F8-411BC1666418}.Debug|Any CPU.ActiveCfg = Debug|Any CPU
		{8386E621-915B-45D2-A3F8-411BC1666418}.Debug|Any CPU.Build.0 = Debug|Any CPU
		{8386E621-915B-45D2-A3F8-411BC1666418}.Release|Any CPU.ActiveCfg = Release|Any CPU
		{8386E621-915B-45D2-A3F8-411BC1666418}.Release|Any CPU.Build.0 = Release|Any CPU
		{B59A164F-9FF2-4CF0-AAB3-C0AA504EA944}.Debug|Any CPU.ActiveCfg = Debug|Any CPU
		{B59A164F-9FF2-4CF0-AAB3-C0AA504EA944}.Debug|Any CPU.Build.0 = Debug|Any CPU
		{B59A164F-9FF2-4CF0-AAB3-C0AA504EA944}.Release|Any CPU.ActiveCfg = Release|Any CPU
		{B59A164F-9FF2-4CF0-AAB3-C0AA504EA944}.Release|Any CPU.Build.0 = Release|Any CPU
		{B246281D-F44B-4B48-9DA1-5798E78E8973}.Debug|Any CPU.ActiveCfg = Debug|Any CPU
		{B246281D-F44B-4B48-9DA1-5798E78E8973}.Debug|Any CPU.Build.0 = Debug|Any CPU
		{B246281D-F44B-4B48-9DA1-5798E78E8973}.Release|Any CPU.ActiveCfg = Release|Any CPU
		{B246281D-F44B-4B48-9DA1-5798E78E8973}.Release|Any CPU.Build.0 = Release|Any CPU
		{257477CE-1B65-4350-9D7A-48CF850974B0}.Debug|Any CPU.ActiveCfg = Debug|Any CPU
		{257477CE-1B65-4350-9D7A-48CF850974B0}.Debug|Any CPU.Build.0 = Debug|Any CPU
		{257477CE-1B65-4350-9D7A-48CF850974B0}.Release|Any CPU.ActiveCfg = Release|Any CPU
		{257477CE-1B65-4350-9D7A-48CF850974B0}.Release|Any CPU.Build.0 = Release|Any CPU
	EndGlobalSection
	GlobalSection(SolutionProperties) = preSolution
		HideSolutionNode = FALSE
	EndGlobalSection
	GlobalSection(NestedProjects) = preSolution
		{2C552E60-06CF-4294-A831-2CAAD150E339} = {38763013-0ECA-468F-8C87-5A18B3CA9D44}
		{78CCE344-FAC5-4B92-8BE7-815F007D137B} = {38763013-0ECA-468F-8C87-5A18B3CA9D44}
		{17DC2CF5-9BC4-4849-BFF4-E545F9AC170C} = {50E9AC8D-523B-4C1E-978D-354F56FBF1A6}
		{8CC962FD-744A-4232-87C1-8A6BE018588E} = {50E9AC8D-523B-4C1E-978D-354F56FBF1A6}
		{C65D9099-6FC0-461C-BA3C-B981A8518AB7} = {50E9AC8D-523B-4C1E-978D-354F56FBF1A6}
		{EDD3F7D9-0490-4F74-B1C9-294FF3204C1D} = {50E9AC8D-523B-4C1E-978D-354F56FBF1A6}
		{14F95A40-93CA-456B-8BC1-281190B6D128} = {50E9AC8D-523B-4C1E-978D-354F56FBF1A6}
		{8386E621-915B-45D2-A3F8-411BC1666418} = {38763013-0ECA-468F-8C87-5A18B3CA9D44}
		{B246281D-F44B-4B48-9DA1-5798E78E8973} = {38763013-0ECA-468F-8C87-5A18B3CA9D44}
		{257477CE-1B65-4350-9D7A-48CF850974B0} = {38763013-0ECA-468F-8C87-5A18B3CA9D44}
	EndGlobalSection
	GlobalSection(ExtensibilityGlobals) = postSolution
		SolutionGuid = {7DFC3F99-8A27-4BC3-83CB-6F4BC674A9A5}
	EndGlobalSection
EndGlobal
