
Microsoft Visual Studio Solution File, Format Version 12.00
# Visual Studio Version 16
VisualStudioVersion = 16.0.30320.27
MinimumVisualStudioVersion = 10.0.40219.1
Project("{9A19103F-16F7-4668-BE54-9A1E7A4F7556}") = "Metadata Demo", "Demos\Metadata Demo\Metadata Demo.csproj", "{2C552E60-06CF-4294-A831-2CAAD150E339}"
EndProject
Project("{9A19103F-16F7-4668-BE54-9A1E7A4F7556}") = "Content Demo", "Demos\Content Demo\Content Demo.csproj", "{78CCE344-FAC5-4B92-8BE7-815F007D137B}"
EndProject
Project("{9A19103F-16F7-4668-BE54-9A1E7A4F7556}") = "Datafeed Explorer", "Demos\Datafeed Demo\Datafeed Explorer.csproj", "{8386E621-915B-45D2-A3F8-411BC1666418}"
EndProject
Project("{9A19103F-16F7-4668-BE54-9A1E7A4F7556}") = "Estrelica.Demo.Common", "Estrelica.Demo.Common\Estrelica.Demo.Common.csproj", "{B59A164F-9FF2-4CF0-AAB3-C0AA504EA944}"
EndProject
Project("{9A19103F-16F7-4668-BE54-9A1E7A4F7556}") = "UserAccessProcessor", "Demos\User Access Processor\UserAccessProcessor.csproj", "{B246281D-F44B-4B48-9DA1-5798E78E8973}"
EndProject
Project("{2150E333-8FDC-42A3-9474-1A3956D46DE8}") = "Demos", "Demos", "{38763013-0ECA-468F-8C87-5A18B3CA9D44}"
EndProject
Project("{9A19103F-16F7-4668-BE54-9A1E7A4F7556}") = "CHUM Tool", "Demos\CHUM Tool\CHUM Tool.csproj", "{257477CE-1B65-4350-9D7A-48CF850974B0}"
EndProject
Project("{2150E333-8FDC-42A3-9474-1A3956D46DE8}") = "Solution Items", "Solution Items", "{E277F0A5-59B4-4967-8099-6F005F9AA749}"
	ProjectSection(SolutionItems) = preProject
		README.md = README.md
	EndProjectSection
EndProject
Project("{9A19103F-16F7-4668-BE54-9A1E7A4F7556}") = "Workflow Activity Report", "Demos\Workflow Activity Report\Workflow Activity Report.csproj", "{B0AADFAF-61A6-4FC3-9A49-2E0C07E40670}"
EndProject
Project("{FAE04EC0-301F-11D3-BF4B-00C04F79EFBC}") = "Snippets", "Snippets\Snippets.csproj", "{42BF6BEC-8C12-413B-93D6-F790D0C6B388}"
EndProject
Global
	GlobalSection(SolutionConfigurationPlatforms) = preSolution
		Debug|Any CPU = Debug|Any CPU
		Release|Any CPU = Release|Any CPU
	EndGlobalSection
	GlobalSection(ProjectConfigurationPlatforms) = postSolution
		{2C552E60-06CF-4294-A831-2CAAD150E339}.Debug|Any CPU.ActiveCfg = Debug|Any CPU
		{2C552E60-06CF-4294-A831-2CAAD150E339}.Debug|Any CPU.Build.0 = Debug|Any CPU
		{2C552E60-06CF-4294-A831-2CAAD150E339}.Release|Any CPU.ActiveCfg = Release|Any CPU
		{2C552E60-06CF-4294-A831-2CAAD150E339}.Release|Any CPU.Build.0 = Release|Any CPU
		{78CCE344-FAC5-4B92-8BE7-815F007D137B}.Debug|Any CPU.ActiveCfg = Debug|Any CPU
		{78CCE344-FAC5-4B92-8BE7-815F007D137B}.Debug|Any CPU.Build.0 = Debug|Any CPU
		{78CCE344-FAC5-4B92-8BE7-815F007D137B}.Release|Any CPU.ActiveCfg = Release|Any CPU
		{78CCE344-FAC5-4B92-8BE7-815F007D137B}.Release|Any CPU.Build.0 = Release|Any CPU
		{8386E621-915B-45D2-A3F8-411BC1666418}.Debug|Any CPU.ActiveCfg = Debug|Any CPU
		{8386E621-915B-45D2-A3F8-411BC1666418}.Debug|Any CPU.Build.0 = Debug|Any CPU
		{8386E621-915B-45D2-A3F8-411BC1666418}.Release|Any CPU.ActiveCfg = Release|Any CPU
		{8386E621-915B-45D2-A3F8-411BC1666418}.Release|Any CPU.Build.0 = Release|Any CPU
		{B59A164F-9FF2-4CF0-AAB3-C0AA504EA944}.Debug|Any CPU.ActiveCfg = Debug|Any CPU
		{B59A164F-9FF2-4CF0-AAB3-C0AA504EA944}.Debug|Any CPU.Build.0 = Debug|Any CPU
		{B59A164F-9FF2-4CF0-AAB3-C0AA504EA944}.Release|Any CPU.ActiveCfg = Release|Any CPU
		{B59A164F-9FF2-4CF0-AAB3-C0AA504EA944}.Release|Any CPU.Build.0 = Release|Any CPU
		{B246281D-F44B-4B48-9DA1-5798E78E8973}.Debug|Any CPU.ActiveCfg = Debug|Any CPU
		{B246281D-F44B-4B48-9DA1-5798E78E8973}.Debug|Any CPU.Build.0 = Debug|Any CPU
		{B246281D-F44B-4B48-9DA1-5798E78E8973}.Release|Any CPU.ActiveCfg = Release|Any CPU
		{B246281D-F44B-4B48-9DA1-5798E78E8973}.Release|Any CPU.Build.0 = Release|Any CPU
		{257477CE-1B65-4350-9D7A-48CF850974B0}.Debug|Any CPU.ActiveCfg = Debug|Any CPU
		{257477CE-1B65-4350-9D7A-48CF850974B0}.Debug|Any CPU.Build.0 = Debug|Any CPU
		{257477CE-1B65-4350-9D7A-48CF850974B0}.Release|Any CPU.ActiveCfg = Release|Any CPU
		{257477CE-1B65-4350-9D7A-48CF850974B0}.Release|Any CPU.Build.0 = Release|Any CPU
		{B0AADFAF-61A6-4FC3-9A49-2E0C07E40670}.Debug|Any CPU.ActiveCfg = Debug|Any CPU
		{B0AADFAF-61A6-4FC3-9A49-2E0C07E40670}.Debug|Any CPU.Build.0 = Debug|Any CPU
		{B0AADFAF-61A6-4FC3-9A49-2E0C07E40670}.Release|Any CPU.ActiveCfg = Release|Any CPU
		{B0AADFAF-61A6-4FC3-9A49-2E0C07E40670}.Release|Any CPU.Build.0 = Release|Any CPU
		{42BF6BEC-8C12-413B-93D6-F790D0C6B388}.Debug|Any CPU.ActiveCfg = Debug|Any CPU
		{42BF6BEC-8C12-413B-93D6-F790D0C6B388}.Debug|Any CPU.Build.0 = Debug|Any CPU
		{42BF6BEC-8C12-413B-93D6-F790D0C6B388}.Release|Any CPU.ActiveCfg = Release|Any CPU
		{42BF6BEC-8C12-413B-93D6-F790D0C6B388}.Release|Any CPU.Build.0 = Release|Any CPU
	EndGlobalSection
	GlobalSection(SolutionProperties) = preSolution
		HideSolutionNode = FALSE
	EndGlobalSection
	GlobalSection(NestedProjects) = preSolution
		{2C552E60-06CF-4294-A831-2CAAD150E339} = {38763013-0ECA-468F-8C87-5A18B3CA9D44}
		{78CCE344-FAC5-4B92-8BE7-815F007D137B} = {38763013-0ECA-468F-8C87-5A18B3CA9D44}
		{8386E621-915B-45D2-A3F8-411BC1666418} = {38763013-0ECA-468F-8C87-5A18B3CA9D44}
		{B246281D-F44B-4B48-9DA1-5798E78E8973} = {38763013-0ECA-468F-8C87-5A18B3CA9D44}
		{257477CE-1B65-4350-9D7A-48CF850974B0} = {38763013-0ECA-468F-8C87-5A18B3CA9D44}
		{B0AADFAF-61A6-4FC3-9A49-2E0C07E40670} = {38763013-0ECA-468F-8C87-5A18B3CA9D44}
		{42BF6BEC-8C12-413B-93D6-F790D0C6B388} = {38763013-0ECA-468F-8C87-5A18B3CA9D44}
	EndGlobalSection
	GlobalSection(ExtensibilityGlobals) = postSolution
		SolutionGuid = {7DFC3F99-8A27-4BC3-83CB-6F4BC674A9A5}
	EndGlobalSection
EndGlobal
